
Microsoft Visual Studio Solution File, Format Version 12.00
# Visual Studio Version 16
VisualStudioVersion = 16.0.31624.102
MinimumVisualStudioVersion = 10.0.40219.1
Project("{FAE04EC0-301F-11D3-BF4B-00C04F79EFBC}") = "App2.Android", "App2\App2.Android\App2.Android.csproj", "{CD72F16C-6E71-43F0-9B27-119762DB6C74}"
EndProject
Project("{FAE04EC0-301F-11D3-BF4B-00C04F79EFBC}") = "App2.iOS", "App2\App2.iOS\App2.iOS.csproj", "{E88DDE4C-0627-4A92-81C0-FBE776363527}"
EndProject
Project("{FAE04EC0-301F-11D3-BF4B-00C04F79EFBC}") = "App2", "App2\App2\App2.csproj", "{1F03C81F-956E-4EF1-A00A-EDB84C60C040}"
EndProject
Global
	GlobalSection(SolutionConfigurationPlatforms) = preSolution
		Debug|Any CPU = Debug|Any CPU
		Debug|iPhone = Debug|iPhone
		Debug|iPhoneSimulator = Debug|iPhoneSimulator
		Release|Any CPU = Release|Any CPU
		Release|iPhone = Release|iPhone
		Release|iPhoneSimulator = Release|iPhoneSimulator
	EndGlobalSection
	GlobalSection(ProjectConfigurationPlatforms) = postSolution
		{CD72F16C-6E71-43F0-9B27-119762DB6C74}.Debug|Any CPU.ActiveCfg = Debug|Any CPU
		{CD72F16C-6E71-43F0-9B27-119762DB6C74}.Debug|Any CPU.Build.0 = Debug|Any CPU
		{CD72F16C-6E71-43F0-9B27-119762DB6C74}.Debug|Any CPU.Deploy.0 = Debug|Any CPU
		{CD72F16C-6E71-43F0-9B27-119762DB6C74}.Debug|iPhone.ActiveCfg = Debug|Any CPU
		{CD72F16C-6E71-43F0-9B27-119762DB6C74}.Debug|iPhone.Build.0 = Debug|Any CPU
		{CD72F16C-6E71-43F0-9B27-119762DB6C74}.Debug|iPhone.Deploy.0 = Debug|Any CPU
		{CD72F16C-6E71-43F0-9B27-119762DB6C74}.Debug|iPhoneSimulator.ActiveCfg = Debug|Any CPU
		{CD72F16C-6E71-43F0-9B27-119762DB6C74}.Debug|iPhoneSimulator.Build.0 = Debug|Any CPU
		{CD72F16C-6E71-43F0-9B27-119762DB6C74}.Debug|iPhoneSimulator.Deploy.0 = Debug|Any CPU
		{CD72F16C-6E71-43F0-9B27-119762DB6C74}.Release|Any CPU.ActiveCfg = Release|Any CPU
		{CD72F16C-6E71-43F0-9B27-119762DB6C74}.Release|Any CPU.Build.0 = Release|Any CPU
		{CD72F16C-6E71-43F0-9B27-119762DB6C74}.Release|Any CPU.Deploy.0 = Release|Any CPU
		{CD72F16C-6E71-43F0-9B27-119762DB6C74}.Release|iPhone.ActiveCfg = Release|Any CPU
		{CD72F16C-6E71-43F0-9B27-119762DB6C74}.Release|iPhone.Build.0 = Release|Any CPU
		{CD72F16C-6E71-43F0-9B27-119762DB6C74}.Release|iPhone.Deploy.0 = Release|Any CPU
		{CD72F16C-6E71-43F0-9B27-119762DB6C74}.Release|iPhoneSimulator.ActiveCfg = Release|Any CPU
		{CD72F16C-6E71-43F0-9B27-119762DB6C74}.Release|iPhoneSimulator.Build.0 = Release|Any CPU
		{CD72F16C-6E71-43F0-9B27-119762DB6C74}.Release|iPhoneSimulator.Deploy.0 = Release|Any CPU
		{E88DDE4C-0627-4A92-81C0-FBE776363527}.Debug|Any CPU.ActiveCfg = Debug|iPhone
		{E88DDE4C-0627-4A92-81C0-FBE776363527}.Debug|Any CPU.Build.0 = Debug|iPhone
		{E88DDE4C-0627-4A92-81C0-FBE776363527}.Debug|Any CPU.Deploy.0 = Debug|iPhone
		{E88DDE4C-0627-4A92-81C0-FBE776363527}.Debug|iPhone.ActiveCfg = Debug|iPhone
		{E88DDE4C-0627-4A92-81C0-FBE776363527}.Debug|iPhone.Build.0 = Debug|iPhone
		{E88DDE4C-0627-4A92-81C0-FBE776363527}.Debug|iPhone.Deploy.0 = Debug|iPhone
		{E88DDE4C-0627-4A92-81C0-FBE776363527}.Debug|iPhoneSimulator.ActiveCfg = Debug|iPhoneSimulator
		{E88DDE4C-0627-4A92-81C0-FBE776363527}.Debug|iPhoneSimulator.Build.0 = Debug|iPhoneSimulator
		{E88DDE4C-0627-4A92-81C0-FBE776363527}.Debug|iPhoneSimulator.Deploy.0 = Debug|iPhoneSimulator
		{E88DDE4C-0627-4A92-81C0-FBE776363527}.Release|Any CPU.ActiveCfg = Release|iPhoneSimulator
		{E88DDE4C-0627-4A92-81C0-FBE776363527}.Release|Any CPU.Build.0 = Release|iPhoneSimulator
		{E88DDE4C-0627-4A92-81C0-FBE776363527}.Release|Any CPU.Deploy.0 = Release|iPhoneSimulator
		{E88DDE4C-0627-4A92-81C0-FBE776363527}.Release|iPhone.ActiveCfg = Release|iPhone
		{E88DDE4C-0627-4A92-81C0-FBE776363527}.Release|iPhone.Build.0 = Release|iPhone
		{E88DDE4C-0627-4A92-81C0-FBE776363527}.Release|iPhone.Deploy.0 = Release|iPhone
		{E88DDE4C-0627-4A92-81C0-FBE776363527}.Release|iPhoneSimulator.ActiveCfg = Release|iPhoneSimulator
		{E88DDE4C-0627-4A92-81C0-FBE776363527}.Release|iPhoneSimulator.Build.0 = Release|iPhoneSimulator
		{E88DDE4C-0627-4A92-81C0-FBE776363527}.Release|iPhoneSimulator.Deploy.0 = Release|iPhoneSimulator
		{1F03C81F-956E-4EF1-A00A-EDB84C60C040}.Debug|Any CPU.ActiveCfg = Debug|Any CPU
		{1F03C81F-956E-4EF1-A00A-EDB84C60C040}.Debug|Any CPU.Build.0 = Debug|Any CPU
		{1F03C81F-956E-4EF1-A00A-EDB84C60C040}.Debug|Any CPU.Deploy.0 = Debug|Any CPU
		{1F03C81F-956E-4EF1-A00A-EDB84C60C040}.Debug|iPhone.ActiveCfg = Debug|Any CPU
		{1F03C81F-956E-4EF1-A00A-EDB84C60C040}.Debug|iPhone.Build.0 = Debug|Any CPU
		{1F03C81F-956E-4EF1-A00A-EDB84C60C040}.Debug|iPhone.Deploy.0 = Debug|Any CPU
		{1F03C81F-956E-4EF1-A00A-EDB84C60C040}.Debug|iPhoneSimulator.ActiveCfg = Debug|Any CPU
		{1F03C81F-956E-4EF1-A00A-EDB84C60C040}.Debug|iPhoneSimulator.Build.0 = Debug|Any CPU
		{1F03C81F-956E-4EF1-A00A-EDB84C60C040}.Debug|iPhoneSimulator.Deploy.0 = Debug|Any CPU
		{1F03C81F-956E-4EF1-A00A-EDB84C60C040}.Release|Any CPU.ActiveCfg = Release|Any CPU
		{1F03C81F-956E-4EF1-A00A-EDB84C60C040}.Release|Any CPU.Build.0 = Release|Any CPU
		{1F03C81F-956E-4EF1-A00A-EDB84C60C040}.Release|Any CPU.Deploy.0 = Release|Any CPU
		{1F03C81F-956E-4EF1-A00A-EDB84C60C040}.Release|iPhone.ActiveCfg = Release|Any CPU
		{1F03C81F-956E-4EF1-A00A-EDB84C60C040}.Release|iPhone.Build.0 = Release|Any CPU
		{1F03C81F-956E-4EF1-A00A-EDB84C60C040}.Release|iPhone.Deploy.0 = Release|Any CPU
		{1F03C81F-956E-4EF1-A00A-EDB84C60C040}.Release|iPhoneSimulator.ActiveCfg = Release|Any CPU
		{1F03C81F-956E-4EF1-A00A-EDB84C60C040}.Release|iPhoneSimulator.Build.0 = Release|Any CPU
		{1F03C81F-956E-4EF1-A00A-EDB84C60C040}.Release|iPhoneSimulator.Deploy.0 = Release|Any CPU
	EndGlobalSection
	GlobalSection(SolutionProperties) = preSolution
		HideSolutionNode = FALSE
	EndGlobalSection
	GlobalSection(ExtensibilityGlobals) = postSolution
		SolutionGuid = {FC220AC6-686C-4D05-920B-66993E06B713}
	EndGlobalSection
EndGlobal
